
Microsoft Visual Studio Solution File, Format Version 12.00
# Visual Studio 15
VisualStudioVersion = 15.0.27004.2009
MinimumVisualStudioVersion = 10.0.40219.1
Project("{FAE04EC0-301F-11D3-BF4B-00C04F79EFBC}") = "ConsoleApp13", "ConsoleApp13\ConsoleApp13.csproj", "{E9D9D1A9-C1AD-45F0-9739-3D44E21F8664}"
EndProject
Global
	GlobalSection(SolutionConfigurationPlatforms) = preSolution
		Debug|Any CPU = Debug|Any CPU
		Release|Any CPU = Release|Any CPU
	EndGlobalSection
	GlobalSection(ProjectConfigurationPlatforms) = postSolution
		{E9D9D1A9-C1AD-45F0-9739-3D44E21F8664}.Debug|Any CPU.ActiveCfg = Debug|Any CPU
		{E9D9D1A9-C1AD-45F0-9739-3D44E21F8664}.Debug|Any CPU.Build.0 = Debug|Any CPU
		{E9D9D1A9-C1AD-45F0-9739-3D44E21F8664}.Release|Any CPU.ActiveCfg = Release|Any CPU
		{E9D9D1A9-C1AD-45F0-9739-3D44E21F8664}.Release|Any CPU.Build.0 = Release|Any CPU
	EndGlobalSection
	GlobalSection(SolutionProperties) = preSolution
		HideSolutionNode = FALSE
	EndGlobalSection
	GlobalSection(ExtensibilityGlobals) = postSolution
		SolutionGuid = {952577A8-E16C-4890-B195-0EBF1656BF6C}
	EndGlobalSection
EndGlobal
